{
  "name": "vdk",
  "version": "1.0.0",
  "lockfileVersion": 1,
  "requires": true,
  "dependencies": {
    "eventemitter3": {
      "version": "2.0.3",
      "resolved": "https://registry.npmjs.org/eventemitter3/-/eventemitter3-2.0.3.tgz",
      "integrity": "sha1-teEHm1n7XhuidxwKmTvgYKWMmbo="
    },
    "iconv-lite": {
      "version": "0.4.24",
      "resolved": "https://registry.npmjs.org/iconv-lite/-/iconv-lite-0.4.24.tgz",
      "integrity": "sha512-v3MXnZAcvnywkTUEZomIActle7RXXeedOR31wwl7VlyoXO4Qi9arvSenNQWne1TcRwhCL1HwLI21bEqdpj8/rA==",
      "requires": {
        "safer-buffer": "2.1.2"
      }
    },
    "ipaddr.js": {
      "version": "0.1.3",
      "resolved": "https://registry.npmjs.org/ipaddr.js/-/ipaddr.js-0.1.3.tgz",
      "integrity": "sha1-J6nKN/FI0hArDvGRzL8sUajwJcY="
    },
    "irc-framework": {
      "version": "4.2.0",
      "resolved": "https://registry.npmjs.org/irc-framework/-/irc-framework-4.2.0.tgz",
      "integrity": "sha512-BjCae59zAvMNKL55nn+VaolOBdouAPSDP9ZYlEI9QCqejbaGMQxQiFrDdbEy1KnfdwnAL9+R2xhycuqKALyBgA==",
      "requires": {
        "eventemitter3": "2.0.3",
        "iconv-lite": "0.4.24",
        "lodash": "4.17.11",
        "middleware-handler": "0.2.0",
        "runes": "0.4.3",
        "socksjs": "0.5.0"
      }
    },
    "lodash": {
      "version": "4.17.11",
      "resolved": "https://registry.npmjs.org/lodash/-/lodash-4.17.11.tgz",
      "integrity": "sha512-cQKh8igo5QUhZ7lg38DYWAxMvjSAKG0A8wGSVimP07SIUEK2UO+arSRKbRZWtelMtN5V0Hkwh5ryOto/SshYIg=="
    },
    "middleware-handler": {
      "version": "0.2.0",
      "resolved": "https://registry.npmjs.org/middleware-handler/-/middleware-handler-0.2.0.tgz",
      "integrity": "sha1-vwKvfmtXfAIwYJsq5Y3w5Ebz/QI="
    },
    "runes": {
      "version": "0.4.3",
      "resolved": "https://registry.npmjs.org/runes/-/runes-0.4.3.tgz",
      "integrity": "sha512-K6p9y4ZyL9wPzA+PMDloNQPfoDGTiFYDvdlXznyGKgD10BJpcAosvATKrExRKOrNLgD8E7Um7WGW0lxsnOuNLg=="
    },
    "safer-buffer": {
      "version": "2.1.2",
      "resolved": "https://registry.npmjs.org/safer-buffer/-/safer-buffer-2.1.2.tgz",
      "integrity": "sha512-YZo3K82SD7Riyi0E1EQPojLz7kpepnSQI9IyPbHHg1XXXevb5dJI7tpyN2ADxGcQbHG7vcyRHk0cbwqcQriUtg=="
    },
    "socksjs": {
      "version": "0.5.0",
      "resolved": "https://registry.npmjs.org/socksjs/-/socksjs-0.5.0.tgz",
      "integrity": "sha1-d7AF4y0b/JblYP7dXX7tzxIPh+M=",
      "requires": {
        "ipaddr.js": "0.1.3"
      }
    },
    "typescript": {
      "version": "3.3.3333",
      "resolved": "https://registry.npmjs.org/typescript/-/typescript-3.3.3333.tgz",
      "integrity": "sha512-JjSKsAfuHBE/fB2oZ8NxtRTk5iGcg6hkYXMnZ3Wc+b2RSqejEqTaem11mHASMnFilHrax3sLK0GDzcJrekZYLw==",
      "dev": true
    }
  }
}
